
Microsoft Visual Studio Solution File, Format Version 12.00
# Visual Studio 15
VisualStudioVersion = 15.0.28307.572
MinimumVisualStudioVersion = 10.0.40219.1
Project("{9A19103F-16F7-4668-BE54-9A1E7A4F7556}") = "EP.Gateway", "EP.Gateway\EP.Gateway.csproj", "{59516105-73D4-44C5-8FD2-58B7D2690FDE}"
EndProject
Project("{2150E333-8FDC-42A3-9474-1A3956D46DE8}") = "DotsBoxes", "DotsBoxes", "{79C6BF9D-F1C2-4382-A769-70D9D30A40B7}"
EndProject
Project("{FAE04EC0-301F-11D3-BF4B-00C04F79EFBC}") = "EP.DotsBoxes.Web", "EP.DotsBoxes.Web\EP.DotsBoxes.Web.csproj", "{4C944180-49EA-44BB-805A-1095A30B233F}"
EndProject
Global
	GlobalSection(SolutionConfigurationPlatforms) = preSolution
		Debug|Any CPU = Debug|Any CPU
		Release|Any CPU = Release|Any CPU
	EndGlobalSection
	GlobalSection(ProjectConfigurationPlatforms) = postSolution
		{59516105-73D4-44C5-8FD2-58B7D2690FDE}.Debug|Any CPU.ActiveCfg = Debug|Any CPU
		{59516105-73D4-44C5-8FD2-58B7D2690FDE}.Debug|Any CPU.Build.0 = Debug|Any CPU
		{59516105-73D4-44C5-8FD2-58B7D2690FDE}.Release|Any CPU.ActiveCfg = Release|Any CPU
		{59516105-73D4-44C5-8FD2-58B7D2690FDE}.Release|Any CPU.Build.0 = Release|Any CPU
		{4C944180-49EA-44BB-805A-1095A30B233F}.Debug|Any CPU.ActiveCfg = Debug|Any CPU
		{4C944180-49EA-44BB-805A-1095A30B233F}.Debug|Any CPU.Build.0 = Debug|Any CPU
		{4C944180-49EA-44BB-805A-1095A30B233F}.Release|Any CPU.ActiveCfg = Release|Any CPU
		{4C944180-49EA-44BB-805A-1095A30B233F}.Release|Any CPU.Build.0 = Release|Any CPU
	EndGlobalSection
	GlobalSection(SolutionProperties) = preSolution
		HideSolutionNode = FALSE
	EndGlobalSection
	GlobalSection(NestedProjects) = preSolution
		{4C944180-49EA-44BB-805A-1095A30B233F} = {79C6BF9D-F1C2-4382-A769-70D9D30A40B7}
	EndGlobalSection
	GlobalSection(ExtensibilityGlobals) = postSolution
		SolutionGuid = {5330929C-E3BE-4E51-A52F-9B65CEE03B8A}
	EndGlobalSection
EndGlobal
