
Microsoft Visual Studio Solution File, Format Version 12.00
# Visual Studio 15
VisualStudioVersion = 15.0.28307.645
MinimumVisualStudioVersion = 10.0.40219.1
Project("{9A19103F-16F7-4668-BE54-9A1E7A4F7556}") = "EP.Gateway", "EP.Gateway\EP.Gateway.csproj", "{59516105-73D4-44C5-8FD2-58B7D2690FDE}"
EndProject
Project("{2150E333-8FDC-42A3-9474-1A3956D46DE8}") = "Hangman", "Hangman", "{0C78D074-14D2-40FC-9CC7-AE75065C4DF0}"
EndProject
Project("{9A19103F-16F7-4668-BE54-9A1E7A4F7556}") = "EP.Hangman.Web", "EP.Hangman.Web\EP.Hangman.Web.csproj", "{8470B578-4256-4EB8-B1FC-15803D463ED9}"
EndProject
Project("{2150E333-8FDC-42A3-9474-1A3956D46DE8}") = "Balda", "Balda", "{15AF2D50-A02F-486A-94A8-135E2E3810FC}"
EndProject
Project("{2150E333-8FDC-42A3-9474-1A3956D46DE8}") = "DotsBoxes", "DotsBoxes", "{5556201E-D527-4D4A-BB0B-1DECDD8ADCAD}"
EndProject
Project("{9A19103F-16F7-4668-BE54-9A1E7A4F7556}") = "EP.Balda.Web", "EP.Balda.Web\EP.Balda.Web.csproj", "{CDA2C842-FE4C-4ADE-88E2-D045700EBEB4}"
EndProject
Project("{9A19103F-16F7-4668-BE54-9A1E7A4F7556}") = "EP.DotsBoxes.Web", "EP.DotsBoxes.Web\EP.DotsBoxes.Web.csproj", "{191478E8-B3E9-44A3-8C61-3E06455AA996}"
EndProject
Project("{2150E333-8FDC-42A3-9474-1A3956D46DE8}") = "15Puzzle", "15Puzzle", "{CF70DE2D-E045-4606-A0F6-50368013D188}"
EndProject
Project("{9A19103F-16F7-4668-BE54-9A1E7A4F7556}") = "EP.15Puzzle.Web", "EP.15Puzzle.Web\EP.15Puzzle.Web.csproj", "{16AEBD06-E4D2-4C88-8002-B21E565F989C}"
EndProject
Project("{FAE04EC0-301F-11D3-BF4B-00C04F79EFBC}") = "EP.15Puzzle.Logic", "EP.15Puzzle.Logic\EP.15Puzzle.Logic.csproj", "{CF80C13A-759D-4B3C-A10E-FBA33669CC09}"
EndProject
Project("{FAE04EC0-301F-11D3-BF4B-00C04F79EFBC}") = "EP.15Puzzle.Data", "EP.15Puzzle.Data\EP.15Puzzle.Data.csproj", "{414B3348-C77B-4911-A52D-D63D9C6099D6}"
EndProject
Global
	GlobalSection(SolutionConfigurationPlatforms) = preSolution
		Debug|Any CPU = Debug|Any CPU
		Release|Any CPU = Release|Any CPU
	EndGlobalSection
	GlobalSection(ProjectConfigurationPlatforms) = postSolution
		{59516105-73D4-44C5-8FD2-58B7D2690FDE}.Debug|Any CPU.ActiveCfg = Debug|Any CPU
		{59516105-73D4-44C5-8FD2-58B7D2690FDE}.Debug|Any CPU.Build.0 = Debug|Any CPU
		{59516105-73D4-44C5-8FD2-58B7D2690FDE}.Release|Any CPU.ActiveCfg = Release|Any CPU
		{59516105-73D4-44C5-8FD2-58B7D2690FDE}.Release|Any CPU.Build.0 = Release|Any CPU
		{8470B578-4256-4EB8-B1FC-15803D463ED9}.Debug|Any CPU.ActiveCfg = Debug|Any CPU
		{8470B578-4256-4EB8-B1FC-15803D463ED9}.Debug|Any CPU.Build.0 = Debug|Any CPU
		{8470B578-4256-4EB8-B1FC-15803D463ED9}.Release|Any CPU.ActiveCfg = Release|Any CPU
		{8470B578-4256-4EB8-B1FC-15803D463ED9}.Release|Any CPU.Build.0 = Release|Any CPU
		{CDA2C842-FE4C-4ADE-88E2-D045700EBEB4}.Debug|Any CPU.ActiveCfg = Debug|Any CPU
		{CDA2C842-FE4C-4ADE-88E2-D045700EBEB4}.Debug|Any CPU.Build.0 = Debug|Any CPU
		{CDA2C842-FE4C-4ADE-88E2-D045700EBEB4}.Release|Any CPU.ActiveCfg = Release|Any CPU
		{CDA2C842-FE4C-4ADE-88E2-D045700EBEB4}.Release|Any CPU.Build.0 = Release|Any CPU
		{191478E8-B3E9-44A3-8C61-3E06455AA996}.Debug|Any CPU.ActiveCfg = Debug|Any CPU
		{191478E8-B3E9-44A3-8C61-3E06455AA996}.Debug|Any CPU.Build.0 = Debug|Any CPU
		{191478E8-B3E9-44A3-8C61-3E06455AA996}.Release|Any CPU.ActiveCfg = Release|Any CPU
		{191478E8-B3E9-44A3-8C61-3E06455AA996}.Release|Any CPU.Build.0 = Release|Any CPU
		{16AEBD06-E4D2-4C88-8002-B21E565F989C}.Debug|Any CPU.ActiveCfg = Debug|Any CPU
		{16AEBD06-E4D2-4C88-8002-B21E565F989C}.Debug|Any CPU.Build.0 = Debug|Any CPU
		{16AEBD06-E4D2-4C88-8002-B21E565F989C}.Release|Any CPU.ActiveCfg = Release|Any CPU
		{16AEBD06-E4D2-4C88-8002-B21E565F989C}.Release|Any CPU.Build.0 = Release|Any CPU
		{CF80C13A-759D-4B3C-A10E-FBA33669CC09}.Debug|Any CPU.ActiveCfg = Debug|Any CPU
		{CF80C13A-759D-4B3C-A10E-FBA33669CC09}.Debug|Any CPU.Build.0 = Debug|Any CPU
		{CF80C13A-759D-4B3C-A10E-FBA33669CC09}.Release|Any CPU.ActiveCfg = Release|Any CPU
		{CF80C13A-759D-4B3C-A10E-FBA33669CC09}.Release|Any CPU.Build.0 = Release|Any CPU
		{414B3348-C77B-4911-A52D-D63D9C6099D6}.Debug|Any CPU.ActiveCfg = Debug|Any CPU
		{414B3348-C77B-4911-A52D-D63D9C6099D6}.Debug|Any CPU.Build.0 = Debug|Any CPU
		{414B3348-C77B-4911-A52D-D63D9C6099D6}.Release|Any CPU.ActiveCfg = Release|Any CPU
		{414B3348-C77B-4911-A52D-D63D9C6099D6}.Release|Any CPU.Build.0 = Release|Any CPU
	EndGlobalSection
	GlobalSection(SolutionProperties) = preSolution
		HideSolutionNode = FALSE
	EndGlobalSection
	GlobalSection(NestedProjects) = preSolution
		{8470B578-4256-4EB8-B1FC-15803D463ED9} = {0C78D074-14D2-40FC-9CC7-AE75065C4DF0}
		{CDA2C842-FE4C-4ADE-88E2-D045700EBEB4} = {15AF2D50-A02F-486A-94A8-135E2E3810FC}
		{191478E8-B3E9-44A3-8C61-3E06455AA996} = {5556201E-D527-4D4A-BB0B-1DECDD8ADCAD}
		{16AEBD06-E4D2-4C88-8002-B21E565F989C} = {CF70DE2D-E045-4606-A0F6-50368013D188}
		{CF80C13A-759D-4B3C-A10E-FBA33669CC09} = {CF70DE2D-E045-4606-A0F6-50368013D188}
		{414B3348-C77B-4911-A52D-D63D9C6099D6} = {CF70DE2D-E045-4606-A0F6-50368013D188}
	EndGlobalSection
	GlobalSection(ExtensibilityGlobals) = postSolution
		SolutionGuid = {E0F67030-0B27-4A47-884D-0155BC42C38C}
	EndGlobalSection
EndGlobal
