
Microsoft Visual Studio Solution File, Format Version 12.00
# Visual Studio 15
VisualStudioVersion = 15.0.28307.645
MinimumVisualStudioVersion = 10.0.40219.1
Project("{9A19103F-16F7-4668-BE54-9A1E7A4F7556}") = "EP.Gateway", "EP.Gateway\EP.Gateway.csproj", "{59516105-73D4-44C5-8FD2-58B7D2690FDE}"
EndProject
Project("{2150E333-8FDC-42A3-9474-1A3956D46DE8}") = "Hangman", "Hangman", "{0C78D074-14D2-40FC-9CC7-AE75065C4DF0}"
EndProject
Project("{9A19103F-16F7-4668-BE54-9A1E7A4F7556}") = "EP.Hangman.Web", "EP.Hangman.Web\EP.Hangman.Web.csproj", "{8470B578-4256-4EB8-B1FC-15803D463ED9}"
EndProject
Project("{2150E333-8FDC-42A3-9474-1A3956D46DE8}") = "15Puzzle", "15Puzzle", "{A5CEF96B-1D5A-44A5-9481-2A92EDAD3010}"
EndProject
Project("{2150E333-8FDC-42A3-9474-1A3956D46DE8}") = "Balda", "Balda", "{15AF2D50-A02F-486A-94A8-135E2E3810FC}"
EndProject
Project("{2150E333-8FDC-42A3-9474-1A3956D46DE8}") = "DotsBoxes", "DotsBoxes", "{5556201E-D527-4D4A-BB0B-1DECDD8ADCAD}"
EndProject
Project("{9A19103F-16F7-4668-BE54-9A1E7A4F7556}") = "EP.Balda.Web", "EP.Balda.Web\EP.Balda.Web.csproj", "{CDA2C842-FE4C-4ADE-88E2-D045700EBEB4}"
EndProject
Project("{9A19103F-16F7-4668-BE54-9A1E7A4F7556}") = "EP.DotsBoxes.Web", "EP.DotsBoxes.Web\EP.DotsBoxes.Web.csproj", "{191478E8-B3E9-44A3-8C61-3E06455AA996}"
EndProject
Project("{9A19103F-16F7-4668-BE54-9A1E7A4F7556}") = "EP.SeaBattle.Web", "EP.SeaBattle.Web\EP.SeaBattle.Web.csproj", "{6C40EAA9-7DB6-423E-89BB-3AB88BBD1140}"
EndProject
Project("{2150E333-8FDC-42A3-9474-1A3956D46DE8}") = "SeaBattle", "SeaBattle", "{05A49ABF-62F3-404E-8FD0-512B6E53F28B}"
EndProject
Project("{2150E333-8FDC-42A3-9474-1A3956D46DE8}") = "Sudoku", "Sudoku", "{78F85948-04A0-47C1-8997-441D8D080721}"
EndProject
Project("{9A19103F-16F7-4668-BE54-9A1E7A4F7556}") = "EP.Sudoku.Web", "EP.Sudoku.Web\EP.Sudoku.Web.csproj", "{BE2713EB-C4C1-4CD9-A573-9B7F23F842FC}"
EndProject
Project("{FAE04EC0-301F-11D3-BF4B-00C04F79EFBC}") = "EP.Sudoku.Logic", "EP.Sudoku.Logic\EP.Sudoku.Logic.csproj", "{9F541C20-72D7-4ED3-87AF-B88B12E9340A}"
EndProject
Project("{FAE04EC0-301F-11D3-BF4B-00C04F79EFBC}") = "EP.Sudoku.Data", "EP.Sudoku.Data\EP.Sudoku.Data.csproj", "{02ECA1E2-3A7F-4CCA-B8C3-EA0318448550}"
EndProject
Global
	GlobalSection(SolutionConfigurationPlatforms) = preSolution
		Debug|Any CPU = Debug|Any CPU
		Release|Any CPU = Release|Any CPU
	EndGlobalSection
	GlobalSection(ProjectConfigurationPlatforms) = postSolution
		{59516105-73D4-44C5-8FD2-58B7D2690FDE}.Debug|Any CPU.ActiveCfg = Debug|Any CPU
		{59516105-73D4-44C5-8FD2-58B7D2690FDE}.Debug|Any CPU.Build.0 = Debug|Any CPU
		{59516105-73D4-44C5-8FD2-58B7D2690FDE}.Release|Any CPU.ActiveCfg = Release|Any CPU
		{59516105-73D4-44C5-8FD2-58B7D2690FDE}.Release|Any CPU.Build.0 = Release|Any CPU
		{8470B578-4256-4EB8-B1FC-15803D463ED9}.Debug|Any CPU.ActiveCfg = Debug|Any CPU
		{8470B578-4256-4EB8-B1FC-15803D463ED9}.Debug|Any CPU.Build.0 = Debug|Any CPU
		{8470B578-4256-4EB8-B1FC-15803D463ED9}.Release|Any CPU.ActiveCfg = Release|Any CPU
		{8470B578-4256-4EB8-B1FC-15803D463ED9}.Release|Any CPU.Build.0 = Release|Any CPU
		{CDA2C842-FE4C-4ADE-88E2-D045700EBEB4}.Debug|Any CPU.ActiveCfg = Debug|Any CPU
		{CDA2C842-FE4C-4ADE-88E2-D045700EBEB4}.Debug|Any CPU.Build.0 = Debug|Any CPU
		{CDA2C842-FE4C-4ADE-88E2-D045700EBEB4}.Release|Any CPU.ActiveCfg = Release|Any CPU
		{CDA2C842-FE4C-4ADE-88E2-D045700EBEB4}.Release|Any CPU.Build.0 = Release|Any CPU
		{191478E8-B3E9-44A3-8C61-3E06455AA996}.Debug|Any CPU.ActiveCfg = Debug|Any CPU
		{191478E8-B3E9-44A3-8C61-3E06455AA996}.Debug|Any CPU.Build.0 = Debug|Any CPU
		{191478E8-B3E9-44A3-8C61-3E06455AA996}.Release|Any CPU.ActiveCfg = Release|Any CPU
		{191478E8-B3E9-44A3-8C61-3E06455AA996}.Release|Any CPU.Build.0 = Release|Any CPU
		{6C40EAA9-7DB6-423E-89BB-3AB88BBD1140}.Debug|Any CPU.ActiveCfg = Debug|Any CPU
		{6C40EAA9-7DB6-423E-89BB-3AB88BBD1140}.Debug|Any CPU.Build.0 = Debug|Any CPU
		{6C40EAA9-7DB6-423E-89BB-3AB88BBD1140}.Release|Any CPU.ActiveCfg = Release|Any CPU
		{6C40EAA9-7DB6-423E-89BB-3AB88BBD1140}.Release|Any CPU.Build.0 = Release|Any CPU
		{BE2713EB-C4C1-4CD9-A573-9B7F23F842FC}.Debug|Any CPU.ActiveCfg = Debug|Any CPU
		{BE2713EB-C4C1-4CD9-A573-9B7F23F842FC}.Debug|Any CPU.Build.0 = Debug|Any CPU
		{BE2713EB-C4C1-4CD9-A573-9B7F23F842FC}.Release|Any CPU.ActiveCfg = Release|Any CPU
		{BE2713EB-C4C1-4CD9-A573-9B7F23F842FC}.Release|Any CPU.Build.0 = Release|Any CPU
		{9F541C20-72D7-4ED3-87AF-B88B12E9340A}.Debug|Any CPU.ActiveCfg = Debug|Any CPU
		{9F541C20-72D7-4ED3-87AF-B88B12E9340A}.Debug|Any CPU.Build.0 = Debug|Any CPU
		{9F541C20-72D7-4ED3-87AF-B88B12E9340A}.Release|Any CPU.ActiveCfg = Release|Any CPU
		{9F541C20-72D7-4ED3-87AF-B88B12E9340A}.Release|Any CPU.Build.0 = Release|Any CPU
		{02ECA1E2-3A7F-4CCA-B8C3-EA0318448550}.Debug|Any CPU.ActiveCfg = Debug|Any CPU
		{02ECA1E2-3A7F-4CCA-B8C3-EA0318448550}.Debug|Any CPU.Build.0 = Debug|Any CPU
		{02ECA1E2-3A7F-4CCA-B8C3-EA0318448550}.Release|Any CPU.ActiveCfg = Release|Any CPU
		{02ECA1E2-3A7F-4CCA-B8C3-EA0318448550}.Release|Any CPU.Build.0 = Release|Any CPU
	EndGlobalSection
	GlobalSection(SolutionProperties) = preSolution
		HideSolutionNode = FALSE
	EndGlobalSection
	GlobalSection(NestedProjects) = preSolution
		{8470B578-4256-4EB8-B1FC-15803D463ED9} = {0C78D074-14D2-40FC-9CC7-AE75065C4DF0}
		{CDA2C842-FE4C-4ADE-88E2-D045700EBEB4} = {15AF2D50-A02F-486A-94A8-135E2E3810FC}
		{191478E8-B3E9-44A3-8C61-3E06455AA996} = {5556201E-D527-4D4A-BB0B-1DECDD8ADCAD}
		{6C40EAA9-7DB6-423E-89BB-3AB88BBD1140} = {05A49ABF-62F3-404E-8FD0-512B6E53F28B}
		{BE2713EB-C4C1-4CD9-A573-9B7F23F842FC} = {78F85948-04A0-47C1-8997-441D8D080721}
		{9F541C20-72D7-4ED3-87AF-B88B12E9340A} = {78F85948-04A0-47C1-8997-441D8D080721}
		{02ECA1E2-3A7F-4CCA-B8C3-EA0318448550} = {78F85948-04A0-47C1-8997-441D8D080721}
	EndGlobalSection
	GlobalSection(ExtensibilityGlobals) = postSolution
		SolutionGuid = {E0F67030-0B27-4A47-884D-0155BC42C38C}
	EndGlobalSection
EndGlobal